{
  "name": "npmtest",
  "version": "1.0.0",
  "lockfileVersion": 1,
  "requires": true,
  "dependencies": {
    "@types/jquery": {
      "version": "3.2.11",
      "resolved": "https://registry.npmjs.org/@types/jquery/-/jquery-3.2.11.tgz",
      "integrity": "sha512-Hu1JquYz58pcLLJU4AWvtvo0Yq5HbEHGGJV/XlTfJtePxbpT1mzfGr6FlH08wTi/ClR2yUb21/P/lgoH+LrRow=="
    },
    "@types/jquery.datatables": {
      "version": "1.10.36",
      "resolved": "https://registry.npmjs.org/@types/jquery.datatables/-/jquery.datatables-1.10.36.tgz",
      "integrity": "sha1-mtnlxpkLWDRuUWzgzqhYbPyyG4U=",
      "requires": {
        "@types/jquery": "3.2.11"
      }
    },
    "@types/node": {
      "version": "8.0.24",
      "resolved": "https://registry.npmjs.org/@types/node/-/node-8.0.24.tgz",
      "integrity": "sha512-c3Npme+2JGqxW8+B+aXdN5SPIlCf1C8WxQC6Ea39rO/ASPosnMkWVR16mDJtRE+2dr2xwOQ7DiLxb+wO/TWuPg=="
    }
  }
}
